
Microsoft Visual Studio Solution File, Format Version 12.00
# Visual Studio Version 16
VisualStudioVersion = 16.0.30128.74
MinimumVisualStudioVersion = 10.0.40219.1
Project("{9A19103F-16F7-4668-BE54-9A1E7A4F7556}") = "MartianRobots", "MartianRobots\MartianRobots.csproj", "{B274C9B3-30B9-40FE-9183-30CC94F24461}"
EndProject
Project("{FAE04EC0-301F-11D3-BF4B-00C04F79EFBC}") = "MartianRobots.Tests", "MartianRobots.Tests\MartianRobots.Tests.csproj", "{6DC8FF85-F29B-4B2E-B039-837F6F94EBF9}"
EndProject
Global
	GlobalSection(SolutionConfigurationPlatforms) = preSolution
		Debug|Any CPU = Debug|Any CPU
		Release|Any CPU = Release|Any CPU
	EndGlobalSection
	GlobalSection(ProjectConfigurationPlatforms) = postSolution
		{B274C9B3-30B9-40FE-9183-30CC94F24461}.Debug|Any CPU.ActiveCfg = Debug|Any CPU
		{B274C9B3-30B9-40FE-9183-30CC94F24461}.Debug|Any CPU.Build.0 = Debug|Any CPU
		{B274C9B3-30B9-40FE-9183-30CC94F24461}.Release|Any CPU.ActiveCfg = Release|Any CPU
		{B274C9B3-30B9-40FE-9183-30CC94F24461}.Release|Any CPU.Build.0 = Release|Any CPU
		{6DC8FF85-F29B-4B2E-B039-837F6F94EBF9}.Debug|Any CPU.ActiveCfg = Debug|Any CPU
		{6DC8FF85-F29B-4B2E-B039-837F6F94EBF9}.Debug|Any CPU.Build.0 = Debug|Any CPU
		{6DC8FF85-F29B-4B2E-B039-837F6F94EBF9}.Release|Any CPU.ActiveCfg = Release|Any CPU
		{6DC8FF85-F29B-4B2E-B039-837F6F94EBF9}.Release|Any CPU.Build.0 = Release|Any CPU
	EndGlobalSection
	GlobalSection(SolutionProperties) = preSolution
		HideSolutionNode = FALSE
	EndGlobalSection
	GlobalSection(ExtensibilityGlobals) = postSolution
		SolutionGuid = {981024B6-FD19-4A34-875D-41A19C0767D1}
	EndGlobalSection
EndGlobal
